
Microsoft Visual Studio Solution File, Format Version 12.00
# Visual Studio Version 17
VisualStudioVersion = 17.7.34024.191
MinimumVisualStudioVersion = 10.0.40219.1
Project("{FAE04EC0-301F-11D3-BF4B-00C04F79EFBC}") = "WpfMvvm2703_1125", "WpfMvvm2703_1125.csproj", "{207BB4D1-A1F7-4595-B8F9-0FDB4FA1BE16}"
EndProject
Global
	GlobalSection(SolutionConfigurationPlatforms) = preSolution
		Debug|Any CPU = Debug|Any CPU
		Release|Any CPU = Release|Any CPU
	EndGlobalSection
	GlobalSection(ProjectConfigurationPlatforms) = postSolution
		{207BB4D1-A1F7-4595-B8F9-0FDB4FA1BE16}.Debug|Any CPU.ActiveCfg = Debug|Any CPU
		{207BB4D1-A1F7-4595-B8F9-0FDB4FA1BE16}.Debug|Any CPU.Build.0 = Debug|Any CPU
		{207BB4D1-A1F7-4595-B8F9-0FDB4FA1BE16}.Release|Any CPU.ActiveCfg = Release|Any CPU
		{207BB4D1-A1F7-4595-B8F9-0FDB4FA1BE16}.Release|Any CPU.Build.0 = Release|Any CPU
	EndGlobalSection
	GlobalSection(SolutionProperties) = preSolution
		HideSolutionNode = FALSE
	EndGlobalSection
	GlobalSection(ExtensibilityGlobals) = postSolution
		SolutionGuid = {7CBC92B2-0451-4175-B737-E6D691D97767}
	EndGlobalSection
EndGlobal
